// !$*UTF8*$!
{
	archiveVersion = 1;
	classes = {
	};
	objectVersion = 56;
	objects = {

/* Begin PBXBuildFile section */
		D086356629AF744B00D68230 /* PhotoDetail.storyboard in Resources */ = {isa = PBXBuildFile; fileRef = D086356529AF744B00D68230 /* PhotoDetail.storyboard */; };
		D086356829AF750500D68230 /* PhotoDetailViewController.swift in Sources */ = {isa = PBXBuildFile; fileRef = D086356729AF750500D68230 /* PhotoDetailViewController.swift */; };
		D086356A29B0907E00D68230 /* PhotoListViewState.swift in Sources */ = {isa = PBXBuildFile; fileRef = D086356929B0907E00D68230 /* PhotoListViewState.swift */; };
		D086356C29B09CB200D68230 /* PhotoCollectionViewCell.swift in Sources */ = {isa = PBXBuildFile; fileRef = D086356B29B09CB200D68230 /* PhotoCollectionViewCell.swift */; };
		D086356E29B09CC300D68230 /* SearchCollectionViewCell.swift in Sources */ = {isa = PBXBuildFile; fileRef = D086356D29B09CC300D68230 /* SearchCollectionViewCell.swift */; };
		D086357029B0CECF00D68230 /* PhotoDetailViewModel.swift in Sources */ = {isa = PBXBuildFile; fileRef = D086356F29B0CECF00D68230 /* PhotoDetailViewModel.swift */; };
		D0D4D24F29AE23EF004D5D58 /* APIError.swift in Sources */ = {isa = PBXBuildFile; fileRef = D0D4D24E29AE23EF004D5D58 /* APIError.swift */; };
		D0D4D25329AE49D9004D5D58 /* FlickrPhotoSearchPage.swift in Sources */ = {isa = PBXBuildFile; fileRef = D0D4D25229AE49D9004D5D58 /* FlickrPhotoSearchPage.swift */; };
		D0D4D25529AE4B33004D5D58 /* FlickrPhotoSearchResult.swift in Sources */ = {isa = PBXBuildFile; fileRef = D0D4D25429AE4B33004D5D58 /* FlickrPhotoSearchResult.swift */; };
		D0D4D25729AE533F004D5D58 /* CacheManagerTests.swift in Sources */ = {isa = PBXBuildFile; fileRef = D0D4D25629AE533F004D5D58 /* CacheManagerTests.swift */; };
		D0D4D25929AE570A004D5D58 /* FlickrPhotoTests.swift in Sources */ = {isa = PBXBuildFile; fileRef = D0D4D25829AE570A004D5D58 /* FlickrPhotoTests.swift */; };
		D0D4D26329AE5B9A004D5D58 /* FlickrPhotoServiceTests.swift in Sources */ = {isa = PBXBuildFile; fileRef = D0D4D26229AE5B9A004D5D58 /* FlickrPhotoServiceTests.swift */; };
		D0D4D26629AE86AC004D5D58 /* ImageServiceTests.swift in Sources */ = {isa = PBXBuildFile; fileRef = D0D4D26529AE86AC004D5D58 /* ImageServiceTests.swift */; };
		D0D4D26829AE9CD7004D5D58 /* PhotoListViewModel.swift in Sources */ = {isa = PBXBuildFile; fileRef = D0D4D26729AE9CD7004D5D58 /* PhotoListViewModel.swift */; };
		D0D4D26A29AF43D4004D5D58 /* PhotoListViewModelType.swift in Sources */ = {isa = PBXBuildFile; fileRef = D0D4D26929AF43D4004D5D58 /* PhotoListViewModelType.swift */; };
		D0D4D26E29AF55F1004D5D58 /* PhotoListViewModelInput.swift in Sources */ = {isa = PBXBuildFile; fileRef = D0D4D26D29AF55F1004D5D58 /* PhotoListViewModelInput.swift */; };
		D0D4D27029AF5650004D5D58 /* PhotoListViewModelOutput.swift in Sources */ = {isa = PBXBuildFile; fileRef = D0D4D26F29AF5650004D5D58 /* PhotoListViewModelOutput.swift */; };
		D0DD161529AD479A00687C2D /* CacheManager.swift in Sources */ = {isa = PBXBuildFile; fileRef = D0DD161429AD479A00687C2D /* CacheManager.swift */; };
		D0ED8FCD29B1EDAD00549338 /* PhotoListViewModelTests.swift in Sources */ = {isa = PBXBuildFile; fileRef = D0ED8FCC29B1EDAD00549338 /* PhotoListViewModelTests.swift */; };
		D0ED8FD229B1FFE300549338 /* PhotoDetailViewModelTests.swift in Sources */ = {isa = PBXBuildFile; fileRef = D0ED8FD129B1FFE300549338 /* PhotoDetailViewModelTests.swift */; };
		D0FC661029ACBD18006379FD /* AppDelegate.swift in Sources */ = {isa = PBXBuildFile; fileRef = D0FC660F29ACBD18006379FD /* AppDelegate.swift */; };
		D0FC661229ACBD18006379FD /* SceneDelegate.swift in Sources */ = {isa = PBXBuildFile; fileRef = D0FC661129ACBD18006379FD /* SceneDelegate.swift */; };
		D0FC661729ACBD18006379FD /* PhotoList.storyboard in Resources */ = {isa = PBXBuildFile; fileRef = D0FC661529ACBD18006379FD /* PhotoList.storyboard */; };
		D0FC661929ACBD19006379FD /* Assets.xcassets in Resources */ = {isa = PBXBuildFile; fileRef = D0FC661829ACBD19006379FD /* Assets.xcassets */; };
		D0FC661C29ACBD19006379FD /* LaunchScreen.storyboard in Resources */ = {isa = PBXBuildFile; fileRef = D0FC661A29ACBD19006379FD /* LaunchScreen.storyboard */; };
		D0FC664829ACF113006379FD /* PhotoListViewController.swift in Sources */ = {isa = PBXBuildFile; fileRef = D0FC664729ACF113006379FD /* PhotoListViewController.swift */; };
		D0FC664A29ACF5CD006379FD /* FlickrPhotoServiceType.swift in Sources */ = {isa = PBXBuildFile; fileRef = D0FC664929ACF5CD006379FD /* FlickrPhotoServiceType.swift */; };
		D0FC664C29ACF5D9006379FD /* FlickrPhotoService.swift in Sources */ = {isa = PBXBuildFile; fileRef = D0FC664B29ACF5D9006379FD /* FlickrPhotoService.swift */; };
		D0FC664E29ACF6AF006379FD /* FlickrPhoto.swift in Sources */ = {isa = PBXBuildFile; fileRef = D0FC664D29ACF6AF006379FD /* FlickrPhoto.swift */; };
		D0FC665029ACF9FF006379FD /* FlickrPhoto+Extensions.swift in Sources */ = {isa = PBXBuildFile; fileRef = D0FC664F29ACF9FF006379FD /* FlickrPhoto+Extensions.swift */; };
		D0FC665229ACFE8B006379FD /* ImageService.swift in Sources */ = {isa = PBXBuildFile; fileRef = D0FC665129ACFE8B006379FD /* ImageService.swift */; };
		D0FC665429ACFEBB006379FD /* ImageServiceType.swift in Sources */ = {isa = PBXBuildFile; fileRef = D0FC665329ACFEBB006379FD /* ImageServiceType.swift */; };
		D0FC665B29AD00A9006379FD /* Configurations.swift in Sources */ = {isa = PBXBuildFile; fileRef = D0FC665A29AD00A9006379FD /* Configurations.swift */; };
/* End PBXBuildFile section */

/* Begin PBXContainerItemProxy section */
		D0FC662329ACBD19006379FD /* PBXContainerItemProxy */ = {
			isa = PBXContainerItemProxy;
			containerPortal = D0FC660429ACBD18006379FD /* Project object */;
			proxyType = 1;
			remoteGlobalIDString = D0FC660B29ACBD18006379FD;
			remoteInfo = FlickrDemo;
		};
/* End PBXContainerItemProxy section */

/* Begin PBXFileReference section */
		D086356529AF744B00D68230 /* PhotoDetail.storyboard */ = {isa = PBXFileReference; lastKnownFileType = file.storyboard; path = PhotoDetail.storyboard; sourceTree = "<group>"; };
		D086356729AF750500D68230 /* PhotoDetailViewController.swift */ = {isa = PBXFileReference; lastKnownFileType = sourcecode.swift; path = PhotoDetailViewController.swift; sourceTree = "<group>"; };
		D086356929B0907E00D68230 /* PhotoListViewState.swift */ = {isa = PBXFileReference; lastKnownFileType = sourcecode.swift; path = PhotoListViewState.swift; sourceTree = "<group>"; };
		D086356B29B09CB200D68230 /* PhotoCollectionViewCell.swift */ = {isa = PBXFileReference; lastKnownFileType = sourcecode.swift; path = PhotoCollectionViewCell.swift; sourceTree = "<group>"; };
		D086356D29B09CC300D68230 /* SearchCollectionViewCell.swift */ = {isa = PBXFileReference; lastKnownFileType = sourcecode.swift; path = SearchCollectionViewCell.swift; sourceTree = "<group>"; };
		D086356F29B0CECF00D68230 /* PhotoDetailViewModel.swift */ = {isa = PBXFileReference; lastKnownFileType = sourcecode.swift; path = PhotoDetailViewModel.swift; sourceTree = "<group>"; };
		D0D4D24E29AE23EF004D5D58 /* APIError.swift */ = {isa = PBXFileReference; lastKnownFileType = sourcecode.swift; path = APIError.swift; sourceTree = "<group>"; };
		D0D4D25229AE49D9004D5D58 /* FlickrPhotoSearchPage.swift */ = {isa = PBXFileReference; lastKnownFileType = sourcecode.swift; path = FlickrPhotoSearchPage.swift; sourceTree = "<group>"; };
		D0D4D25429AE4B33004D5D58 /* FlickrPhotoSearchResult.swift */ = {isa = PBXFileReference; lastKnownFileType = sourcecode.swift; path = FlickrPhotoSearchResult.swift; sourceTree = "<group>"; };
		D0D4D25629AE533F004D5D58 /* CacheManagerTests.swift */ = {isa = PBXFileReference; lastKnownFileType = sourcecode.swift; path = CacheManagerTests.swift; sourceTree = "<group>"; };
		D0D4D25829AE570A004D5D58 /* FlickrPhotoTests.swift */ = {isa = PBXFileReference; lastKnownFileType = sourcecode.swift; path = FlickrPhotoTests.swift; sourceTree = "<group>"; };
		D0D4D26229AE5B9A004D5D58 /* FlickrPhotoServiceTests.swift */ = {isa = PBXFileReference; lastKnownFileType = sourcecode.swift; path = FlickrPhotoServiceTests.swift; sourceTree = "<group>"; };
		D0D4D26529AE86AC004D5D58 /* ImageServiceTests.swift */ = {isa = PBXFileReference; lastKnownFileType = sourcecode.swift; path = ImageServiceTests.swift; sourceTree = "<group>"; };
		D0D4D26729AE9CD7004D5D58 /* PhotoListViewModel.swift */ = {isa = PBXFileReference; lastKnownFileType = sourcecode.swift; path = PhotoListViewModel.swift; sourceTree = "<group>"; };
		D0D4D26929AF43D4004D5D58 /* PhotoListViewModelType.swift */ = {isa = PBXFileReference; lastKnownFileType = sourcecode.swift; path = PhotoListViewModelType.swift; sourceTree = "<group>"; };
		D0D4D26D29AF55F1004D5D58 /* PhotoListViewModelInput.swift */ = {isa = PBXFileReference; lastKnownFileType = sourcecode.swift; path = PhotoListViewModelInput.swift; sourceTree = "<group>"; };
		D0D4D26F29AF5650004D5D58 /* PhotoListViewModelOutput.swift */ = {isa = PBXFileReference; lastKnownFileType = sourcecode.swift; path = PhotoListViewModelOutput.swift; sourceTree = "<group>"; };
		D0DD161429AD479A00687C2D /* CacheManager.swift */ = {isa = PBXFileReference; lastKnownFileType = sourcecode.swift; path = CacheManager.swift; sourceTree = "<group>"; };
		D0ED8FCC29B1EDAD00549338 /* PhotoListViewModelTests.swift */ = {isa = PBXFileReference; lastKnownFileType = sourcecode.swift; path = PhotoListViewModelTests.swift; sourceTree = "<group>"; };
		D0ED8FD129B1FFE300549338 /* PhotoDetailViewModelTests.swift */ = {isa = PBXFileReference; lastKnownFileType = sourcecode.swift; path = PhotoDetailViewModelTests.swift; sourceTree = "<group>"; };
		D0FC660C29ACBD18006379FD /* FlickrDemo.app */ = {isa = PBXFileReference; explicitFileType = wrapper.application; includeInIndex = 0; path = FlickrDemo.app; sourceTree = BUILT_PRODUCTS_DIR; };
		D0FC660F29ACBD18006379FD /* AppDelegate.swift */ = {isa = PBXFileReference; lastKnownFileType = sourcecode.swift; path = AppDelegate.swift; sourceTree = "<group>"; };
		D0FC661129ACBD18006379FD /* SceneDelegate.swift */ = {isa = PBXFileReference; lastKnownFileType = sourcecode.swift; path = SceneDelegate.swift; sourceTree = "<group>"; };
		D0FC661629ACBD18006379FD /* Base */ = {isa = PBXFileReference; lastKnownFileType = file.storyboard; name = Base; path = Base.lproj/PhotoList.storyboard; sourceTree = "<group>"; };
		D0FC661829ACBD19006379FD /* Assets.xcassets */ = {isa = PBXFileReference; lastKnownFileType = folder.assetcatalog; path = Assets.xcassets; sourceTree = "<group>"; };
		D0FC661B29ACBD19006379FD /* Base */ = {isa = PBXFileReference; lastKnownFileType = file.storyboard; name = Base; path = Base.lproj/LaunchScreen.storyboard; sourceTree = "<group>"; };
		D0FC661D29ACBD19006379FD /* Info.plist */ = {isa = PBXFileReference; lastKnownFileType = text.plist.xml; path = Info.plist; sourceTree = "<group>"; };
		D0FC662229ACBD19006379FD /* FlickrDemoTests.xctest */ = {isa = PBXFileReference; explicitFileType = wrapper.cfbundle; includeInIndex = 0; path = FlickrDemoTests.xctest; sourceTree = BUILT_PRODUCTS_DIR; };
		D0FC664729ACF113006379FD /* PhotoListViewController.swift */ = {isa = PBXFileReference; lastKnownFileType = sourcecode.swift; path = PhotoListViewController.swift; sourceTree = "<group>"; };
		D0FC664929ACF5CD006379FD /* FlickrPhotoServiceType.swift */ = {isa = PBXFileReference; lastKnownFileType = sourcecode.swift; path = FlickrPhotoServiceType.swift; sourceTree = "<group>"; };
		D0FC664B29ACF5D9006379FD /* FlickrPhotoService.swift */ = {isa = PBXFileReference; lastKnownFileType = sourcecode.swift; path = FlickrPhotoService.swift; sourceTree = "<group>"; };
		D0FC664D29ACF6AF006379FD /* FlickrPhoto.swift */ = {isa = PBXFileReference; lastKnownFileType = sourcecode.swift; path = FlickrPhoto.swift; sourceTree = "<group>"; };
		D0FC664F29ACF9FF006379FD /* FlickrPhoto+Extensions.swift */ = {isa = PBXFileReference; lastKnownFileType = sourcecode.swift; path = "FlickrPhoto+Extensions.swift"; sourceTree = "<group>"; };
		D0FC665129ACFE8B006379FD /* ImageService.swift */ = {isa = PBXFileReference; lastKnownFileType = sourcecode.swift; path = ImageService.swift; sourceTree = "<group>"; };
		D0FC665329ACFEBB006379FD /* ImageServiceType.swift */ = {isa = PBXFileReference; lastKnownFileType = sourcecode.swift; path = ImageServiceType.swift; sourceTree = "<group>"; };
		D0FC665A29AD00A9006379FD /* Configurations.swift */ = {isa = PBXFileReference; lastKnownFileType = sourcecode.swift; path = Configurations.swift; sourceTree = "<group>"; };
/* End PBXFileReference section */

/* Begin PBXFrameworksBuildPhase section */
		D0FC660929ACBD18006379FD /* Frameworks */ = {
			isa = PBXFrameworksBuildPhase;
			buildActionMask = 2147483647;
			files = (
			);
			runOnlyForDeploymentPostprocessing = 0;
		};
		D0FC661F29ACBD19006379FD /* Frameworks */ = {
			isa = PBXFrameworksBuildPhase;
			buildActionMask = 2147483647;
			files = (
			);
			runOnlyForDeploymentPostprocessing = 0;
		};
/* End PBXFrameworksBuildPhase section */

/* Begin PBXGroup section */
		D0D4D24D29AE23DE004D5D58 /* Enums */ = {
			isa = PBXGroup;
			children = (
				D0D4D24E29AE23EF004D5D58 /* APIError.swift */,
			);
			path = Enums;
			sourceTree = "<group>";
		};
		D0D4D25F29AE5B5F004D5D58 /* ServiceTests */ = {
			isa = PBXGroup;
			children = (
				D0D4D26229AE5B9A004D5D58 /* FlickrPhotoServiceTests.swift */,
				D0D4D26529AE86AC004D5D58 /* ImageServiceTests.swift */,
			);
			path = ServiceTests;
			sourceTree = "<group>";
		};
		D0D4D26029AE5B69004D5D58 /* ModelTests */ = {
			isa = PBXGroup;
			children = (
				D0D4D25829AE570A004D5D58 /* FlickrPhotoTests.swift */,
			);
			path = ModelTests;
			sourceTree = "<group>";
		};
		D0D4D26129AE5B7A004D5D58 /* HelperTests */ = {
			isa = PBXGroup;
			children = (
				D0D4D25629AE533F004D5D58 /* CacheManagerTests.swift */,
			);
			path = HelperTests;
			sourceTree = "<group>";
		};
		D0D4D26B29AF43D8004D5D58 /* Protocols */ = {
			isa = PBXGroup;
			children = (
				D0D4D26929AF43D4004D5D58 /* PhotoListViewModelType.swift */,
			);
			path = Protocols;
			sourceTree = "<group>";
		};
		D0D4D26C29AF43DC004D5D58 /* Classes */ = {
			isa = PBXGroup;
			children = (
				D0D4D26729AE9CD7004D5D58 /* PhotoListViewModel.swift */,
				D086356F29B0CECF00D68230 /* PhotoDetailViewModel.swift */,
			);
			path = Classes;
			sourceTree = "<group>";
		};
		D0D4D27129AF5714004D5D58 /* Enums */ = {
			isa = PBXGroup;
			children = (
				D0D4D26D29AF55F1004D5D58 /* PhotoListViewModelInput.swift */,
				D0D4D26F29AF5650004D5D58 /* PhotoListViewModelOutput.swift */,
				D086356929B0907E00D68230 /* PhotoListViewState.swift */,
			);
			path = Enums;
			sourceTree = "<group>";
		};
		D0D4D27229AF6D30004D5D58 /* CollectionViewCells */ = {
			isa = PBXGroup;
			children = (
				D086356B29B09CB200D68230 /* PhotoCollectionViewCell.swift */,
				D086356D29B09CC300D68230 /* SearchCollectionViewCell.swift */,
			);
			path = CollectionViewCells;
			sourceTree = "<group>";
		};
		D0ED8FCB29B1ED1800549338 /* ViewModelTests */ = {
			isa = PBXGroup;
			children = (
				D0ED8FCC29B1EDAD00549338 /* PhotoListViewModelTests.swift */,
				D0ED8FD129B1FFE300549338 /* PhotoDetailViewModelTests.swift */,
			);
			path = ViewModelTests;
			sourceTree = "<group>";
		};
		D0FC660329ACBD18006379FD = {
			isa = PBXGroup;
			children = (
				D0FC660E29ACBD18006379FD /* FlickrDemo */,
				D0FC662529ACBD19006379FD /* FlickrDemoTests */,
				D0FC660D29ACBD18006379FD /* Products */,
			);
			sourceTree = "<group>";
		};
		D0FC660D29ACBD18006379FD /* Products */ = {
			isa = PBXGroup;
			children = (
				D0FC660C29ACBD18006379FD /* FlickrDemo.app */,
				D0FC662229ACBD19006379FD /* FlickrDemoTests.xctest */,
			);
			name = Products;
			sourceTree = "<group>";
		};
		D0FC660E29ACBD18006379FD /* FlickrDemo */ = {
			isa = PBXGroup;
			children = (
				D0FC665929AD0067006379FD /* Helpers */,
				D0FC664329ACF0C7006379FD /* Extensions */,
				D0FC664229ACF0C2006379FD /* Services */,
				D0FC664129ACC99A006379FD /* ViewModels */,
				D0FC664029ACC992006379FD /* Views */,
				D0FC663F29ACC98B006379FD /* Models */,
				D0FC660F29ACBD18006379FD /* AppDelegate.swift */,
				D0FC661129ACBD18006379FD /* SceneDelegate.swift */,
				D0FC661829ACBD19006379FD /* Assets.xcassets */,
				D0FC661D29ACBD19006379FD /* Info.plist */,
			);
			path = FlickrDemo;
			sourceTree = "<group>";
		};
		D0FC662529ACBD19006379FD /* FlickrDemoTests */ = {
			isa = PBXGroup;
			children = (
				D0D4D26129AE5B7A004D5D58 /* HelperTests */,
				D0D4D26029AE5B69004D5D58 /* ModelTests */,
				D0D4D25F29AE5B5F004D5D58 /* ServiceTests */,
				D0ED8FCB29B1ED1800549338 /* ViewModelTests */,
			);
			path = FlickrDemoTests;
			sourceTree = "<group>";
		};
		D0FC663F29ACC98B006379FD /* Models */ = {
			isa = PBXGroup;
			children = (
				D0D4D25429AE4B33004D5D58 /* FlickrPhotoSearchResult.swift */,
				D0D4D25229AE49D9004D5D58 /* FlickrPhotoSearchPage.swift */,
				D0FC664D29ACF6AF006379FD /* FlickrPhoto.swift */,
			);
			path = Models;
			sourceTree = "<group>";
		};
		D0FC664029ACC992006379FD /* Views */ = {
			isa = PBXGroup;
			children = (
				D0D4D27229AF6D30004D5D58 /* CollectionViewCells */,
				D0FC664629ACF0F9006379FD /* ViewControllers */,
				D0FC664529ACF0F5006379FD /* Storyboards */,
			);
			path = Views;
			sourceTree = "<group>";
		};
		D0FC664129ACC99A006379FD /* ViewModels */ = {
			isa = PBXGroup;
			children = (
				D0D4D27129AF5714004D5D58 /* Enums */,
				D0D4D26B29AF43D8004D5D58 /* Protocols */,
				D0D4D26C29AF43DC004D5D58 /* Classes */,
			);
			path = ViewModels;
			sourceTree = "<group>";
		};
		D0FC664229ACF0C2006379FD /* Services */ = {
			isa = PBXGroup;
			children = (
				D0D4D24D29AE23DE004D5D58 /* Enums */,
				D0FC665729AD003D006379FD /* Protocols */,
				D0FC665829AD0042006379FD /* Classes */,
			);
			path = Services;
			sourceTree = "<group>";
		};
		D0FC664329ACF0C7006379FD /* Extensions */ = {
			isa = PBXGroup;
			children = (
				D0FC664F29ACF9FF006379FD /* FlickrPhoto+Extensions.swift */,
			);
			path = Extensions;
			sourceTree = "<group>";
		};
		D0FC664529ACF0F5006379FD /* Storyboards */ = {
			isa = PBXGroup;
			children = (
				D0FC661529ACBD18006379FD /* PhotoList.storyboard */,
				D086356529AF744B00D68230 /* PhotoDetail.storyboard */,
				D0FC661A29ACBD19006379FD /* LaunchScreen.storyboard */,
			);
			path = Storyboards;
			sourceTree = "<group>";
		};
		D0FC664629ACF0F9006379FD /* ViewControllers */ = {
			isa = PBXGroup;
			children = (
				D0FC664729ACF113006379FD /* PhotoListViewController.swift */,
				D086356729AF750500D68230 /* PhotoDetailViewController.swift */,
			);
			path = ViewControllers;
			sourceTree = "<group>";
		};
		D0FC665729AD003D006379FD /* Protocols */ = {
			isa = PBXGroup;
			children = (
				D0FC664929ACF5CD006379FD /* FlickrPhotoServiceType.swift */,
				D0FC665329ACFEBB006379FD /* ImageServiceType.swift */,
			);
			path = Protocols;
			sourceTree = "<group>";
		};
		D0FC665829AD0042006379FD /* Classes */ = {
			isa = PBXGroup;
			children = (
				D0FC664B29ACF5D9006379FD /* FlickrPhotoService.swift */,
				D0FC665129ACFE8B006379FD /* ImageService.swift */,
			);
			path = Classes;
			sourceTree = "<group>";
		};
		D0FC665929AD0067006379FD /* Helpers */ = {
			isa = PBXGroup;
			children = (
				D0FC665A29AD00A9006379FD /* Configurations.swift */,
				D0DD161429AD479A00687C2D /* CacheManager.swift */,
			);
			path = Helpers;
			sourceTree = "<group>";
		};
/* End PBXGroup section */

/* Begin PBXNativeTarget section */
		D0FC660B29ACBD18006379FD /* FlickrDemo */ = {
			isa = PBXNativeTarget;
			buildConfigurationList = D0FC663629ACBD19006379FD /* Build configuration list for PBXNativeTarget "FlickrDemo" */;
			buildPhases = (
				D0FC660829ACBD18006379FD /* Sources */,
				D0FC660929ACBD18006379FD /* Frameworks */,
				D0FC660A29ACBD18006379FD /* Resources */,
			);
			buildRules = (
			);
			dependencies = (
			);
			name = FlickrDemo;
			productName = FlickrDemo;
			productReference = D0FC660C29ACBD18006379FD /* FlickrDemo.app */;
			productType = "com.apple.product-type.application";
		};
		D0FC662129ACBD19006379FD /* FlickrDemoTests */ = {
			isa = PBXNativeTarget;
			buildConfigurationList = D0FC663929ACBD19006379FD /* Build configuration list for PBXNativeTarget "FlickrDemoTests" */;
			buildPhases = (
				D0FC661E29ACBD19006379FD /* Sources */,
				D0FC661F29ACBD19006379FD /* Frameworks */,
				D0FC662029ACBD19006379FD /* Resources */,
			);
			buildRules = (
			);
			dependencies = (
				D0FC662429ACBD19006379FD /* PBXTargetDependency */,
			);
			name = FlickrDemoTests;
			productName = FlickrDemoTests;
			productReference = D0FC662229ACBD19006379FD /* FlickrDemoTests.xctest */;
			productType = "com.apple.product-type.bundle.unit-test";
		};
/* End PBXNativeTarget section */

/* Begin PBXProject section */
		D0FC660429ACBD18006379FD /* Project object */ = {
			isa = PBXProject;
			attributes = {
				BuildIndependentTargetsInParallel = 1;
				LastSwiftUpdateCheck = 1420;
				LastUpgradeCheck = 1420;
				TargetAttributes = {
					D0FC660B29ACBD18006379FD = {
						CreatedOnToolsVersion = 14.2;
					};
					D0FC662129ACBD19006379FD = {
						CreatedOnToolsVersion = 14.2;
						TestTargetID = D0FC660B29ACBD18006379FD;
					};
				};
			};
			buildConfigurationList = D0FC660729ACBD18006379FD /* Build configuration list for PBXProject "FlickrDemo" */;
			compatibilityVersion = "Xcode 14.0";
			developmentRegion = en;
			hasScannedForEncodings = 0;
			knownRegions = (
				en,
				Base,
			);
			mainGroup = D0FC660329ACBD18006379FD;
			productRefGroup = D0FC660D29ACBD18006379FD /* Products */;
			projectDirPath = "";
			projectRoot = "";
			targets = (
				D0FC660B29ACBD18006379FD /* FlickrDemo */,
				D0FC662129ACBD19006379FD /* FlickrDemoTests */,
			);
		};
/* End PBXProject section */

/* Begin PBXResourcesBuildPhase section */
		D0FC660A29ACBD18006379FD /* Resources */ = {
			isa = PBXResourcesBuildPhase;
			buildActionMask = 2147483647;
			files = (
				D0FC661C29ACBD19006379FD /* LaunchScreen.storyboard in Resources */,
				D0FC661929ACBD19006379FD /* Assets.xcassets in Resources */,
				D086356629AF744B00D68230 /* PhotoDetail.storyboard in Resources */,
				D0FC661729ACBD18006379FD /* PhotoList.storyboard in Resources */,
			);
			runOnlyForDeploymentPostprocessing = 0;
		};
		D0FC662029ACBD19006379FD /* Resources */ = {
			isa = PBXResourcesBuildPhase;
			buildActionMask = 2147483647;
			files = (
			);
			runOnlyForDeploymentPostprocessing = 0;
		};
/* End PBXResourcesBuildPhase section */

/* Begin PBXSourcesBuildPhase section */
		D0FC660829ACBD18006379FD /* Sources */ = {
			isa = PBXSourcesBuildPhase;
			buildActionMask = 2147483647;
			files = (
				D0D4D25329AE49D9004D5D58 /* FlickrPhotoSearchPage.swift in Sources */,
				D086356829AF750500D68230 /* PhotoDetailViewController.swift in Sources */,
				D086356E29B09CC300D68230 /* SearchCollectionViewCell.swift in Sources */,
				D0D4D26E29AF55F1004D5D58 /* PhotoListViewModelInput.swift in Sources */,
				D0FC664C29ACF5D9006379FD /* FlickrPhotoService.swift in Sources */,
				D0FC665229ACFE8B006379FD /* ImageService.swift in Sources */,
				D0FC664E29ACF6AF006379FD /* FlickrPhoto.swift in Sources */,
				D0D4D25529AE4B33004D5D58 /* FlickrPhotoSearchResult.swift in Sources */,
				D0DD161529AD479A00687C2D /* CacheManager.swift in Sources */,
				D0FC664829ACF113006379FD /* PhotoListViewController.swift in Sources */,
				D0FC665B29AD00A9006379FD /* Configurations.swift in Sources */,
				D086357029B0CECF00D68230 /* PhotoDetailViewModel.swift in Sources */,
				D0FC665029ACF9FF006379FD /* FlickrPhoto+Extensions.swift in Sources */,
				D086356C29B09CB200D68230 /* PhotoCollectionViewCell.swift in Sources */,
				D0D4D27029AF5650004D5D58 /* PhotoListViewModelOutput.swift in Sources */,
				D0FC661029ACBD18006379FD /* AppDelegate.swift in Sources */,
				D0FC661229ACBD18006379FD /* SceneDelegate.swift in Sources */,
				D0D4D26A29AF43D4004D5D58 /* PhotoListViewModelType.swift in Sources */,
				D086356A29B0907E00D68230 /* PhotoListViewState.swift in Sources */,
				D0D4D24F29AE23EF004D5D58 /* APIError.swift in Sources */,
				D0FC664A29ACF5CD006379FD /* FlickrPhotoServiceType.swift in Sources */,
				D0D4D26829AE9CD7004D5D58 /* PhotoListViewModel.swift in Sources */,
				D0FC665429ACFEBB006379FD /* ImageServiceType.swift in Sources */,
			);
			runOnlyForDeploymentPostprocessing = 0;
		};
		D0FC661E29ACBD19006379FD /* Sources */ = {
			isa = PBXSourcesBuildPhase;
			buildActionMask = 2147483647;
			files = (
				D0D4D25929AE570A004D5D58 /* FlickrPhotoTests.swift in Sources */,
				D0D4D26629AE86AC004D5D58 /* ImageServiceTests.swift in Sources */,
				D0ED8FCD29B1EDAD00549338 /* PhotoListViewModelTests.swift in Sources */,
				D0D4D26329AE5B9A004D5D58 /* FlickrPhotoServiceTests.swift in Sources */,
				D0ED8FD229B1FFE300549338 /* PhotoDetailViewModelTests.swift in Sources */,
				D0D4D25729AE533F004D5D58 /* CacheManagerTests.swift in Sources */,
			);
			runOnlyForDeploymentPostprocessing = 0;
		};
/* End PBXSourcesBuildPhase section */

/* Begin PBXTargetDependency section */
		D0FC662429ACBD19006379FD /* PBXTargetDependency */ = {
			isa = PBXTargetDependency;
			target = D0FC660B29ACBD18006379FD /* FlickrDemo */;
			targetProxy = D0FC662329ACBD19006379FD /* PBXContainerItemProxy */;
		};
/* End PBXTargetDependency section */

/* Begin PBXVariantGroup section */
		D0FC661529ACBD18006379FD /* PhotoList.storyboard */ = {
			isa = PBXVariantGroup;
			children = (
				D0FC661629ACBD18006379FD /* Base */,
			);
			name = PhotoList.storyboard;
			sourceTree = "<group>";
		};
		D0FC661A29ACBD19006379FD /* LaunchScreen.storyboard */ = {
			isa = PBXVariantGroup;
			children = (
				D0FC661B29ACBD19006379FD /* Base */,
			);
			name = LaunchScreen.storyboard;
			sourceTree = "<group>";
		};
/* End PBXVariantGroup section */

/* Begin XCBuildConfiguration section */
		D0FC663429ACBD19006379FD /* Debug */ = {
			isa = XCBuildConfiguration;
			buildSettings = {
				ALWAYS_SEARCH_USER_PATHS = NO;
				CLANG_ANALYZER_NONNULL = YES;
				CLANG_ANALYZER_NUMBER_OBJECT_CONVERSION = YES_AGGRESSIVE;
				CLANG_CXX_LANGUAGE_STANDARD = "gnu++20";
				CLANG_ENABLE_MODULES = YES;
				CLANG_ENABLE_OBJC_ARC = YES;
				CLANG_ENABLE_OBJC_WEAK = YES;
				CLANG_WARN_BLOCK_CAPTURE_AUTORELEASING = YES;
				CLANG_WARN_BOOL_CONVERSION = YES;
				CLANG_WARN_COMMA = YES;
				CLANG_WARN_CONSTANT_CONVERSION = YES;
				CLANG_WARN_DEPRECATED_OBJC_IMPLEMENTATIONS = YES;
				CLANG_WARN_DIRECT_OBJC_ISA_USAGE = YES_ERROR;
				CLANG_WARN_DOCUMENTATION_COMMENTS = YES;
				CLANG_WARN_EMPTY_BODY = YES;
				CLANG_WARN_ENUM_CONVERSION = YES;
				CLANG_WARN_INFINITE_RECURSION = YES;
				CLANG_WARN_INT_CONVERSION = YES;
				CLANG_WARN_NON_LITERAL_NULL_CONVERSION = YES;
				CLANG_WARN_OBJC_IMPLICIT_RETAIN_SELF = YES;
				CLANG_WARN_OBJC_LITERAL_CONVERSION = YES;
				CLANG_WARN_OBJC_ROOT_CLASS = YES_ERROR;
				CLANG_WARN_QUOTED_INCLUDE_IN_FRAMEWORK_HEADER = YES;
				CLANG_WARN_RANGE_LOOP_ANALYSIS = YES;
				CLANG_WARN_STRICT_PROTOTYPES = YES;
				CLANG_WARN_SUSPICIOUS_MOVE = YES;
				CLANG_WARN_UNGUARDED_AVAILABILITY = YES_AGGRESSIVE;
				CLANG_WARN_UNREACHABLE_CODE = YES;
				CLANG_WARN__DUPLICATE_METHOD_MATCH = YES;
				COPY_PHASE_STRIP = NO;
				DEBUG_INFORMATION_FORMAT = dwarf;
				ENABLE_STRICT_OBJC_MSGSEND = YES;
				ENABLE_TESTABILITY = YES;
				GCC_C_LANGUAGE_STANDARD = gnu11;
				GCC_DYNAMIC_NO_PIC = NO;
				GCC_NO_COMMON_BLOCKS = YES;
				GCC_OPTIMIZATION_LEVEL = 0;
				GCC_PREPROCESSOR_DEFINITIONS = (
					"DEBUG=1",
					"$(inherited)",
				);
				GCC_WARN_64_TO_32_BIT_CONVERSION = YES;
				GCC_WARN_ABOUT_RETURN_TYPE = YES_ERROR;
				GCC_WARN_UNDECLARED_SELECTOR = YES;
				GCC_WARN_UNINITIALIZED_AUTOS = YES_AGGRESSIVE;
				GCC_WARN_UNUSED_FUNCTION = YES;
				GCC_WARN_UNUSED_VARIABLE = YES;
				IPHONEOS_DEPLOYMENT_TARGET = 16.2;
				MTL_ENABLE_DEBUG_INFO = INCLUDE_SOURCE;
				MTL_FAST_MATH = YES;
				ONLY_ACTIVE_ARCH = YES;
				SDKROOT = iphoneos;
				SWIFT_ACTIVE_COMPILATION_CONDITIONS = DEBUG;
				SWIFT_OPTIMIZATION_LEVEL = "-Onone";
			};
			name = Debug;
		};
		D0FC663529ACBD19006379FD /* Release */ = {
			isa = XCBuildConfiguration;
			buildSettings = {
				ALWAYS_SEARCH_USER_PATHS = NO;
				CLANG_ANALYZER_NONNULL = YES;
				CLANG_ANALYZER_NUMBER_OBJECT_CONVERSION = YES_AGGRESSIVE;
				CLANG_CXX_LANGUAGE_STANDARD = "gnu++20";
				CLANG_ENABLE_MODULES = YES;
				CLANG_ENABLE_OBJC_ARC = YES;
				CLANG_ENABLE_OBJC_WEAK = YES;
				CLANG_WARN_BLOCK_CAPTURE_AUTORELEASING = YES;
				CLANG_WARN_BOOL_CONVERSION = YES;
				CLANG_WARN_COMMA = YES;
				CLANG_WARN_CONSTANT_CONVERSION = YES;
				CLANG_WARN_DEPRECATED_OBJC_IMPLEMENTATIONS = YES;
				CLANG_WARN_DIRECT_OBJC_ISA_USAGE = YES_ERROR;
				CLANG_WARN_DOCUMENTATION_COMMENTS = YES;
				CLANG_WARN_EMPTY_BODY = YES;
				CLANG_WARN_ENUM_CONVERSION = YES;
				CLANG_WARN_INFINITE_RECURSION = YES;
				CLANG_WARN_INT_CONVERSION = YES;
				CLANG_WARN_NON_LITERAL_NULL_CONVERSION = YES;
				CLANG_WARN_OBJC_IMPLICIT_RETAIN_SELF = YES;
				CLANG_WARN_OBJC_LITERAL_CONVERSION = YES;
				CLANG_WARN_OBJC_ROOT_CLASS = YES_ERROR;
				CLANG_WARN_QUOTED_INCLUDE_IN_FRAMEWORK_HEADER = YES;
				CLANG_WARN_RANGE_LOOP_ANALYSIS = YES;
				CLANG_WARN_STRICT_PROTOTYPES = YES;
				CLANG_WARN_SUSPICIOUS_MOVE = YES;
				CLANG_WARN_UNGUARDED_AVAILABILITY = YES_AGGRESSIVE;
				CLANG_WARN_UNREACHABLE_CODE = YES;
				CLANG_WARN__DUPLICATE_METHOD_MATCH = YES;
				COPY_PHASE_STRIP = NO;
				DEBUG_INFORMATION_FORMAT = "dwarf-with-dsym";
				ENABLE_NS_ASSERTIONS = NO;
				ENABLE_STRICT_OBJC_MSGSEND = YES;
				GCC_C_LANGUAGE_STANDARD = gnu11;
				GCC_NO_COMMON_BLOCKS = YES;
				GCC_WARN_64_TO_32_BIT_CONVERSION = YES;
				GCC_WARN_ABOUT_RETURN_TYPE = YES_ERROR;
				GCC_WARN_UNDECLARED_SELECTOR = YES;
				GCC_WARN_UNINITIALIZED_AUTOS = YES_AGGRESSIVE;
				GCC_WARN_UNUSED_FUNCTION = YES;
				GCC_WARN_UNUSED_VARIABLE = YES;
				IPHONEOS_DEPLOYMENT_TARGET = 16.2;
				MTL_ENABLE_DEBUG_INFO = NO;
				MTL_FAST_MATH = YES;
				SDKROOT = iphoneos;
				SWIFT_COMPILATION_MODE = wholemodule;
				SWIFT_OPTIMIZATION_LEVEL = "-O";
				VALIDATE_PRODUCT = YES;
			};
			name = Release;
		};
		D0FC663729ACBD19006379FD /* Debug */ = {
			isa = XCBuildConfiguration;
			buildSettings = {
				ASSETCATALOG_COMPILER_APPICON_NAME = AppIcon;
				ASSETCATALOG_COMPILER_GLOBAL_ACCENT_COLOR_NAME = AccentColor;
				CODE_SIGN_STYLE = Automatic;
				CURRENT_PROJECT_VERSION = 1;
				GENERATE_INFOPLIST_FILE = YES;
				INFOPLIST_FILE = FlickrDemo/Info.plist;
				INFOPLIST_KEY_UIApplicationSupportsIndirectInputEvents = YES;
				INFOPLIST_KEY_UILaunchStoryboardName = LaunchScreen;
				INFOPLIST_KEY_UIMainStoryboardFile = PhotoList;
				INFOPLIST_KEY_UISupportedInterfaceOrientations_iPad = "UIInterfaceOrientationPortrait UIInterfaceOrientationPortraitUpsideDown UIInterfaceOrientationLandscapeLeft UIInterfaceOrientationLandscapeRight";
				INFOPLIST_KEY_UISupportedInterfaceOrientations_iPhone = "UIInterfaceOrientationPortrait UIInterfaceOrientationLandscapeLeft UIInterfaceOrientationLandscapeRight";
				LD_RUNPATH_SEARCH_PATHS = (
					"$(inherited)",
					"@executable_path/Frameworks",
				);
				MARKETING_VERSION = 1.0;
				PRODUCT_BUNDLE_IDENTIFIER = com.kaan.demo.flickr.FlickrDemo;
				PRODUCT_NAME = "$(TARGET_NAME)";
				SWIFT_EMIT_LOC_STRINGS = YES;
				SWIFT_VERSION = 5.0;
				TARGETED_DEVICE_FAMILY = "1,2";
			};
			name = Debug;
		};
		D0FC663829ACBD19006379FD /* Release */ = {
			isa = XCBuildConfiguration;
			buildSettings = {
				ASSETCATALOG_COMPILER_APPICON_NAME = AppIcon;
				ASSETCATALOG_COMPILER_GLOBAL_ACCENT_COLOR_NAME = AccentColor;
				CODE_SIGN_STYLE = Automatic;
				CURRENT_PROJECT_VERSION = 1;
				GENERATE_INFOPLIST_FILE = YES;
				INFOPLIST_FILE = FlickrDemo/Info.plist;
				INFOPLIST_KEY_UIApplicationSupportsIndirectInputEvents = YES;
				INFOPLIST_KEY_UILaunchStoryboardName = LaunchScreen;
				INFOPLIST_KEY_UIMainStoryboardFile = PhotoList;
				INFOPLIST_KEY_UISupportedInterfaceOrientations_iPad = "UIInterfaceOrientationPortrait UIInterfaceOrientationPortraitUpsideDown UIInterfaceOrientationLandscapeLeft UIInterfaceOrientationLandscapeRight";
				INFOPLIST_KEY_UISupportedInterfaceOrientations_iPhone = "UIInterfaceOrientationPortrait UIInterfaceOrientationLandscapeLeft UIInterfaceOrientationLandscapeRight";
				LD_RUNPATH_SEARCH_PATHS = (
					"$(inherited)",
					"@executable_path/Frameworks",
				);
				MARKETING_VERSION = 1.0;
				PRODUCT_BUNDLE_IDENTIFIER = com.kaan.demo.flickr.FlickrDemo;
				PRODUCT_NAME = "$(TARGET_NAME)";
				SWIFT_EMIT_LOC_STRINGS = YES;
				SWIFT_VERSION = 5.0;
				TARGETED_DEVICE_FAMILY = "1,2";
			};
			name = Release;
		};
		D0FC663A29ACBD19006379FD /* Debug */ = {
			isa = XCBuildConfiguration;
			buildSettings = {
				ALWAYS_EMBED_SWIFT_STANDARD_LIBRARIES = YES;
				BUNDLE_LOADER = "$(TEST_HOST)";
				CODE_SIGN_STYLE = Automatic;
				CURRENT_PROJECT_VERSION = 1;
				GENERATE_INFOPLIST_FILE = YES;
				IPHONEOS_DEPLOYMENT_TARGET = 16.2;
				MARKETING_VERSION = 1.0;
				PRODUCT_BUNDLE_IDENTIFIER = com.kaan.demo.flickr.FlickrDemoTests;
				PRODUCT_NAME = "$(TARGET_NAME)";
				SWIFT_EMIT_LOC_STRINGS = NO;
				SWIFT_VERSION = 5.0;
				TARGETED_DEVICE_FAMILY = "1,2";
				TEST_HOST = "$(BUILT_PRODUCTS_DIR)/FlickrDemo.app/$(BUNDLE_EXECUTABLE_FOLDER_PATH)/FlickrDemo";
			};
			name = Debug;
		};
		D0FC663B29ACBD19006379FD /* Release */ = {
			isa = XCBuildConfiguration;
			buildSettings = {
				ALWAYS_EMBED_SWIFT_STANDARD_LIBRARIES = YES;
				BUNDLE_LOADER = "$(TEST_HOST)";
				CODE_SIGN_STYLE = Automatic;
				CURRENT_PROJECT_VERSION = 1;
				GENERATE_INFOPLIST_FILE = YES;
				IPHONEOS_DEPLOYMENT_TARGET = 16.2;
				MARKETING_VERSION = 1.0;
				PRODUCT_BUNDLE_IDENTIFIER = com.kaan.demo.flickr.FlickrDemoTests;
				PRODUCT_NAME = "$(TARGET_NAME)";
				SWIFT_EMIT_LOC_STRINGS = NO;
				SWIFT_VERSION = 5.0;
				TARGETED_DEVICE_FAMILY = "1,2";
				TEST_HOST = "$(BUILT_PRODUCTS_DIR)/FlickrDemo.app/$(BUNDLE_EXECUTABLE_FOLDER_PATH)/FlickrDemo";
			};
			name = Release;
		};
/* End XCBuildConfiguration section */

/* Begin XCConfigurationList section */
		D0FC660729ACBD18006379FD /* Build configuration list for PBXProject "FlickrDemo" */ = {
			isa = XCConfigurationList;
			buildConfigurations = (
				D0FC663429ACBD19006379FD /* Debug */,
				D0FC663529ACBD19006379FD /* Release */,
			);
			defaultConfigurationIsVisible = 0;
			defaultConfigurationName = Release;
		};
		D0FC663629ACBD19006379FD /* Build configuration list for PBXNativeTarget "FlickrDemo" */ = {
			isa = XCConfigurationList;
			buildConfigurations = (
				D0FC663729ACBD19006379FD /* Debug */,
				D0FC663829ACBD19006379FD /* Release */,
			);
			defaultConfigurationIsVisible = 0;
			defaultConfigurationName = Release;
		};
		D0FC663929ACBD19006379FD /* Build configuration list for PBXNativeTarget "FlickrDemoTests" */ = {
			isa = XCConfigurationList;
			buildConfigurations = (
				D0FC663A29ACBD19006379FD /* Debug */,
				D0FC663B29ACBD19006379FD /* Release */,
			);
			defaultConfigurationIsVisible = 0;
			defaultConfigurationName = Release;
		};
/* End XCConfigurationList section */
	};
	rootObject = D0FC660429ACBD18006379FD /* Project object */;
}
